
Microsoft Visual Studio Solution File, Format Version 12.00
# Visual Studio Version 16
VisualStudioVersion = 16.0.31025.194
MinimumVisualStudioVersion = 10.0.40219.1
Project("{888888A0-9F3D-457C-B088-3A5042F75D52}") = "0308_集合", "0308_集合.pyproj", "{10B64FB5-088B-49F2-94DD-CEB9619C4699}"
EndProject
Global
	GlobalSection(SolutionConfigurationPlatforms) = preSolution
		Debug|Any CPU = Debug|Any CPU
		Release|Any CPU = Release|Any CPU
	EndGlobalSection
	GlobalSection(ProjectConfigurationPlatforms) = postSolution
		{10B64FB5-088B-49F2-94DD-CEB9619C4699}.Debug|Any CPU.ActiveCfg = Debug|Any CPU
		{10B64FB5-088B-49F2-94DD-CEB9619C4699}.Release|Any CPU.ActiveCfg = Release|Any CPU
	EndGlobalSection
	GlobalSection(SolutionProperties) = preSolution
		HideSolutionNode = FALSE
	EndGlobalSection
	GlobalSection(ExtensibilityGlobals) = postSolution
		SolutionGuid = {433B7B8C-53CB-4EC4-94F5-02307E3CCA58}
	EndGlobalSection
EndGlobal
