
Microsoft Visual Studio Solution File, Format Version 12.00
# Visual Studio Version 16
VisualStudioVersion = 16.0.31025.194
MinimumVisualStudioVersion = 10.0.40219.1
Project("{888888A0-9F3D-457C-B088-3A5042F75D52}") = "0309_python_ninePlusNine", "0309_python_ninePlusNine.pyproj", "{D9A17034-19EA-4730-A7CA-0C48441FD237}"
EndProject
Global
	GlobalSection(SolutionConfigurationPlatforms) = preSolution
		Debug|Any CPU = Debug|Any CPU
		Release|Any CPU = Release|Any CPU
	EndGlobalSection
	GlobalSection(ProjectConfigurationPlatforms) = postSolution
		{D9A17034-19EA-4730-A7CA-0C48441FD237}.Debug|Any CPU.ActiveCfg = Debug|Any CPU
		{D9A17034-19EA-4730-A7CA-0C48441FD237}.Release|Any CPU.ActiveCfg = Release|Any CPU
	EndGlobalSection
	GlobalSection(SolutionProperties) = preSolution
		HideSolutionNode = FALSE
	EndGlobalSection
	GlobalSection(ExtensibilityGlobals) = postSolution
		SolutionGuid = {880A5BFB-9314-47F8-8347-E086921A9243}
	EndGlobalSection
EndGlobal
