
Microsoft Visual Studio Solution File, Format Version 12.00
# Visual Studio Version 16
VisualStudioVersion = 16.0.30717.126
MinimumVisualStudioVersion = 10.0.40219.1
Project("{8BC9CEB8-8B4A-11D0-8D11-00A0C91BC942}") = "一个数组中只有两个数字是出现一次", "一个数组中只有两个数字是出现一次.vcxproj", "{1912C5BA-FD66-4FA0-9343-E44F688449FF}"
EndProject
Global
	GlobalSection(SolutionConfigurationPlatforms) = preSolution
		Debug|x64 = Debug|x64
		Debug|x86 = Debug|x86
		Release|x64 = Release|x64
		Release|x86 = Release|x86
	EndGlobalSection
	GlobalSection(ProjectConfigurationPlatforms) = postSolution
		{1912C5BA-FD66-4FA0-9343-E44F688449FF}.Debug|x64.ActiveCfg = Debug|x64
		{1912C5BA-FD66-4FA0-9343-E44F688449FF}.Debug|x64.Build.0 = Debug|x64
		{1912C5BA-FD66-4FA0-9343-E44F688449FF}.Debug|x86.ActiveCfg = Debug|Win32
		{1912C5BA-FD66-4FA0-9343-E44F688449FF}.Debug|x86.Build.0 = Debug|Win32
		{1912C5BA-FD66-4FA0-9343-E44F688449FF}.Release|x64.ActiveCfg = Release|x64
		{1912C5BA-FD66-4FA0-9343-E44F688449FF}.Release|x64.Build.0 = Release|x64
		{1912C5BA-FD66-4FA0-9343-E44F688449FF}.Release|x86.ActiveCfg = Release|Win32
		{1912C5BA-FD66-4FA0-9343-E44F688449FF}.Release|x86.Build.0 = Release|Win32
	EndGlobalSection
	GlobalSection(SolutionProperties) = preSolution
		HideSolutionNode = FALSE
	EndGlobalSection
	GlobalSection(ExtensibilityGlobals) = postSolution
		SolutionGuid = {CC1E4A7A-B1DF-4A99-8CD4-FF6D58853AB4}
	EndGlobalSection
EndGlobal
