
Microsoft Visual Studio Solution File, Format Version 12.00
# Visual Studio Version 16
VisualStudioVersion = 16.0.31025.194
MinimumVisualStudioVersion = 10.0.40219.1
Project("{8BC9CEB8-8B4A-11D0-8D11-00A0C91BC942}") = "0309_数据结构", "0309_数据结构.vcxproj", "{DB0E0C06-2EBC-44FC-81CB-FE38106DDEE4}"
EndProject
Global
	GlobalSection(SolutionConfigurationPlatforms) = preSolution
		Debug|x64 = Debug|x64
		Debug|x86 = Debug|x86
		Release|x64 = Release|x64
		Release|x86 = Release|x86
	EndGlobalSection
	GlobalSection(ProjectConfigurationPlatforms) = postSolution
		{DB0E0C06-2EBC-44FC-81CB-FE38106DDEE4}.Debug|x64.ActiveCfg = Debug|x64
		{DB0E0C06-2EBC-44FC-81CB-FE38106DDEE4}.Debug|x64.Build.0 = Debug|x64
		{DB0E0C06-2EBC-44FC-81CB-FE38106DDEE4}.Debug|x86.ActiveCfg = Debug|Win32
		{DB0E0C06-2EBC-44FC-81CB-FE38106DDEE4}.Debug|x86.Build.0 = Debug|Win32
		{DB0E0C06-2EBC-44FC-81CB-FE38106DDEE4}.Release|x64.ActiveCfg = Release|x64
		{DB0E0C06-2EBC-44FC-81CB-FE38106DDEE4}.Release|x64.Build.0 = Release|x64
		{DB0E0C06-2EBC-44FC-81CB-FE38106DDEE4}.Release|x86.ActiveCfg = Release|Win32
		{DB0E0C06-2EBC-44FC-81CB-FE38106DDEE4}.Release|x86.Build.0 = Release|Win32
	EndGlobalSection
	GlobalSection(SolutionProperties) = preSolution
		HideSolutionNode = FALSE
	EndGlobalSection
	GlobalSection(ExtensibilityGlobals) = postSolution
		SolutionGuid = {F7FF1DD3-4232-42B9-87C5-90565B48B023}
	EndGlobalSection
EndGlobal
