
Microsoft Visual Studio Solution File, Format Version 12.00
# Visual Studio Version 16
VisualStudioVersion = 16.0.30717.126
MinimumVisualStudioVersion = 10.0.40219.1
Project("{8BC9CEB8-8B4A-11D0-8D11-00A0C91BC942}") = "杨辉三角", "杨辉三角.vcxproj", "{634F6824-8D10-4FCA-B022-66A8685CB7F6}"
EndProject
Global
	GlobalSection(SolutionConfigurationPlatforms) = preSolution
		Debug|x64 = Debug|x64
		Debug|x86 = Debug|x86
		Release|x64 = Release|x64
		Release|x86 = Release|x86
	EndGlobalSection
	GlobalSection(ProjectConfigurationPlatforms) = postSolution
		{634F6824-8D10-4FCA-B022-66A8685CB7F6}.Debug|x64.ActiveCfg = Debug|x64
		{634F6824-8D10-4FCA-B022-66A8685CB7F6}.Debug|x64.Build.0 = Debug|x64
		{634F6824-8D10-4FCA-B022-66A8685CB7F6}.Debug|x86.ActiveCfg = Debug|Win32
		{634F6824-8D10-4FCA-B022-66A8685CB7F6}.Debug|x86.Build.0 = Debug|Win32
		{634F6824-8D10-4FCA-B022-66A8685CB7F6}.Release|x64.ActiveCfg = Release|x64
		{634F6824-8D10-4FCA-B022-66A8685CB7F6}.Release|x64.Build.0 = Release|x64
		{634F6824-8D10-4FCA-B022-66A8685CB7F6}.Release|x86.ActiveCfg = Release|Win32
		{634F6824-8D10-4FCA-B022-66A8685CB7F6}.Release|x86.Build.0 = Release|Win32
	EndGlobalSection
	GlobalSection(SolutionProperties) = preSolution
		HideSolutionNode = FALSE
	EndGlobalSection
	GlobalSection(ExtensibilityGlobals) = postSolution
		SolutionGuid = {FF375249-331F-4EC7-8ED0-2F8C6B1E92C3}
	EndGlobalSection
EndGlobal
